// !$*UTF8*$!
{
	archiveVersion = 1;
	classes = {
	};
	objectVersion = 46;
	objects = {

/* Begin PBXBuildFile section */
		95A8E0D51563884C00668004 /* UIKit.framework in Frameworks */ = {isa = PBXBuildFile; fileRef = 95A8E0D41563884C00668004 /* UIKit.framework */; };
		95A8E0D71563884C00668004 /* Foundation.framework in Frameworks */ = {isa = PBXBuildFile; fileRef = 95A8E0D61563884C00668004 /* Foundation.framework */; };
		95A8E0D91563884C00668004 /* CoreGraphics.framework in Frameworks */ = {isa = PBXBuildFile; fileRef = 95A8E0D81563884C00668004 /* CoreGraphics.framework */; };
		95A8E0DF1563884C00668004 /* InfoPlist.strings in Resources */ = {isa = PBXBuildFile; fileRef = 95A8E0DD1563884C00668004 /* InfoPlist.strings */; };
		95A8E0E11563884C00668004 /* main.m in Sources */ = {isa = PBXBuildFile; fileRef = 95A8E0E01563884C00668004 /* main.m */; };
		95A8E0E51563884C00668004 /* AppDelegate.m in Sources */ = {isa = PBXBuildFile; fileRef = 95A8E0E41563884C00668004 /* AppDelegate.m */; };
		95A8E0E81563884C00668004 /* ViewController.m in Sources */ = {isa = PBXBuildFile; fileRef = 95A8E0E71563884C00668004 /* ViewController.m */; };
		95A8E0EB1563884C00668004 /* ViewController.xib in Resources */ = {isa = PBXBuildFile; fileRef = 95A8E0E91563884C00668004 /* ViewController.xib */; };
		95A8E0F31563884C00668004 /* SenTestingKit.framework in Frameworks */ = {isa = PBXBuildFile; fileRef = 95A8E0F21563884C00668004 /* SenTestingKit.framework */; };
		95A8E0F41563884C00668004 /* UIKit.framework in Frameworks */ = {isa = PBXBuildFile; fileRef = 95A8E0D41563884C00668004 /* UIKit.framework */; };
		95A8E0F51563884C00668004 /* Foundation.framework in Frameworks */ = {isa = PBXBuildFile; fileRef = 95A8E0D61563884C00668004 /* Foundation.framework */; };
		95A8E0FD1563884C00668004 /* InfoPlist.strings in Resources */ = {isa = PBXBuildFile; fileRef = 95A8E0FB1563884C00668004 /* InfoPlist.strings */; };
		95A8E1001563884C00668004 /* helloWorldTests.m in Sources */ = {isa = PBXBuildFile; fileRef = 95A8E0FF1563884C00668004 /* helloWorldTests.m */; };
/* End PBXBuildFile section */

/* Begin PBXContainerItemProxy section */
		95A8E0F61563884C00668004 /* PBXContainerItemProxy */ = {
			isa = PBXContainerItemProxy;
			containerPortal = 95A8E0C71563884C00668004 /* Project object */;
			proxyType = 1;
			remoteGlobalIDString = 95A8E0CF1563884C00668004;
			remoteInfo = helloWorld;
		};
/* End PBXContainerItemProxy section */

/* Begin PBXFileReference section */
		95A8E0D01563884C00668004 /* helloWorld.app */ = {isa = PBXFileReference; explicitFileType = wrapper.application; includeInIndex = 0; path = helloWorld.app; sourceTree = BUILT_PRODUCTS_DIR; };
		95A8E0D41563884C00668004 /* UIKit.framework */ = {isa = PBXFileReference; lastKnownFileType = wrapper.framework; name = UIKit.framework; path = System/Library/Frameworks/UIKit.framework; sourceTree = SDKROOT; };
		95A8E0D61563884C00668004 /* Foundation.framework */ = {isa = PBXFileReference; lastKnownFileType = wrapper.framework; name = Foundation.framework; path = System/Library/Frameworks/Foundation.framework; sourceTree = SDKROOT; };
		95A8E0D81563884C00668004 /* CoreGraphics.framework */ = {isa = PBXFileReference; lastKnownFileType = wrapper.framework; name = CoreGraphics.framework; path = System/Library/Frameworks/CoreGraphics.framework; sourceTree = SDKROOT; };
		95A8E0DC1563884C00668004 /* helloWorld-Info.plist */ = {isa = PBXFileReference; lastKnownFileType = text.plist.xml; path = "helloWorld-Info.plist"; sourceTree = "<group>"; };
		95A8E0DE1563884C00668004 /* en */ = {isa = PBXFileReference; lastKnownFileType = text.plist.strings; name = en; path = en.lproj/InfoPlist.strings; sourceTree = "<group>"; };
		95A8E0E01563884C00668004 /* main.m */ = {isa = PBXFileReference; lastKnownFileType = sourcecode.c.objc; path = main.m; sourceTree = "<group>"; };
		95A8E0E21563884C00668004 /* helloWorld-Prefix.pch */ = {isa = PBXFileReference; lastKnownFileType = sourcecode.c.h; path = "helloWorld-Prefix.pch"; sourceTree = "<group>"; };
		95A8E0E31563884C00668004 /* AppDelegate.h */ = {isa = PBXFileReference; lastKnownFileType = sourcecode.c.h; path = AppDelegate.h; sourceTree = "<group>"; };
		95A8E0E41563884C00668004 /* AppDelegate.m */ = {isa = PBXFileReference; lastKnownFileType = sourcecode.c.objc; path = AppDelegate.m; sourceTree = "<group>"; };
		95A8E0E61563884C00668004 /* ViewController.h */ = {isa = PBXFileReference; lastKnownFileType = sourcecode.c.h; path = ViewController.h; sourceTree = "<group>"; };
		95A8E0E71563884C00668004 /* ViewController.m */ = {isa = PBXFileReference; lastKnownFileType = sourcecode.c.objc; path = ViewController.m; sourceTree = "<group>"; };
		95A8E0EA1563884C00668004 /* en */ = {isa = PBXFileReference; lastKnownFileType = file.xib; name = en; path = en.lproj/ViewController.xib; sourceTree = "<group>"; };
		95A8E0F11563884C00668004 /* helloWorldTests.octest */ = {isa = PBXFileReference; explicitFileType = wrapper.cfbundle; includeInIndex = 0; path = helloWorldTests.octest; sourceTree = BUILT_PRODUCTS_DIR; };
		95A8E0F21563884C00668004 /* SenTestingKit.framework */ = {isa = PBXFileReference; lastKnownFileType = wrapper.framework; name = SenTestingKit.framework; path = Library/Frameworks/SenTestingKit.framework; sourceTree = DEVELOPER_DIR; };
		95A8E0FA1563884C00668004 /* helloWorldTests-Info.plist */ = {isa = PBXFileReference; lastKnownFileType = text.plist.xml; path = "helloWorldTests-Info.plist"; sourceTree = "<group>"; };
		95A8E0FC1563884C00668004 /* en */ = {isa = PBXFileReference; lastKnownFileType = text.plist.strings; name = en; path = en.lproj/InfoPlist.strings; sourceTree = "<group>"; };
		95A8E0FE1563884C00668004 /* helloWorldTests.h */ = {isa = PBXFileReference; lastKnownFileType = sourcecode.c.h; path = helloWorldTests.h; sourceTree = "<group>"; };
		95A8E0FF1563884C00668004 /* helloWorldTests.m */ = {isa = PBXFileReference; lastKnownFileType = sourcecode.c.objc; path = helloWorldTests.m; sourceTree = "<group>"; };
/* End PBXFileReference section */

/* Begin PBXFrameworksBuildPhase section */
		95A8E0CD1563884C00668004 /* Frameworks */ = {
			isa = PBXFrameworksBuildPhase;
			buildActionMask = 2147483647;
			files = (
				95A8E0D51563884C00668004 /* UIKit.framework in Frameworks */,
				95A8E0D71563884C00668004 /* Foundation.framework in Frameworks */,
				95A8E0D91563884C00668004 /* CoreGraphics.framework in Frameworks */,
			);
			runOnlyForDeploymentPostprocessing = 0;
		};
		95A8E0ED1563884C00668004 /* Frameworks */ = {
			isa = PBXFrameworksBuildPhase;
			buildActionMask = 2147483647;
			files = (
				95A8E0F31563884C00668004 /* SenTestingKit.framework in Frameworks */,
				95A8E0F41563884C00668004 /* UIKit.framework in Frameworks */,
				95A8E0F51563884C00668004 /* Foundation.framework in Frameworks */,
			);
			runOnlyForDeploymentPostprocessing = 0;
		};
/* End PBXFrameworksBuildPhase section */

/* Begin PBXGroup section */
		95A8E0C51563884C00668004 = {
			isa = PBXGroup;
			children = (
				95A8E0DA1563884C00668004 /* helloWorld */,
				95A8E0F81563884C00668004 /* helloWorldTests */,
				95A8E0D31563884C00668004 /* Frameworks */,
				95A8E0D11563884C00668004 /* Products */,
			);
			sourceTree = "<group>";
		};
		95A8E0D11563884C00668004 /* Products */ = {
			isa = PBXGroup;
			children = (
				95A8E0D01563884C00668004 /* helloWorld.app */,
				95A8E0F11563884C00668004 /* helloWorldTests.octest */,
			);
			name = Products;
			sourceTree = "<group>";
		};
		95A8E0D31563884C00668004 /* Frameworks */ = {
			isa = PBXGroup;
			children = (
				95A8E0D41563884C00668004 /* UIKit.framework */,
				95A8E0D61563884C00668004 /* Foundation.framework */,
				95A8E0D81563884C00668004 /* CoreGraphics.framework */,
				95A8E0F21563884C00668004 /* SenTestingKit.framework */,
			);
			name = Frameworks;
			sourceTree = "<group>";
		};
		95A8E0DA1563884C00668004 /* helloWorld */ = {
			isa = PBXGroup;
			children = (
				95A8E0E31563884C00668004 /* AppDelegate.h */,
				95A8E0E41563884C00668004 /* AppDelegate.m */,
				95A8E0E61563884C00668004 /* ViewController.h */,
				95A8E0E71563884C00668004 /* ViewController.m */,
				95A8E0E91563884C00668004 /* ViewController.xib */,
				95A8E0DB1563884C00668004 /* Supporting Files */,
			);
			path = helloWorld;
			sourceTree = "<group>";
		};
		95A8E0DB1563884C00668004 /* Supporting Files */ = {
			isa = PBXGroup;
			children = (
				95A8E0DC1563884C00668004 /* helloWorld-Info.plist */,
				95A8E0DD1563884C00668004 /* InfoPlist.strings */,
				95A8E0E01563884C00668004 /* main.m */,
				95A8E0E21563884C00668004 /* helloWorld-Prefix.pch */,
			);
			name = "Supporting Files";
			sourceTree = "<group>";
		};
		95A8E0F81563884C00668004 /* helloWorldTests */ = {
			isa = PBXGroup;
			children = (
				95A8E0FE1563884C00668004 /* helloWorldTests.h */,
				95A8E0FF1563884C00668004 /* helloWorldTests.m */,
				95A8E0F91563884C00668004 /* Supporting Files */,
			);
			path = helloWorldTests;
			sourceTree = "<group>";
		};
		95A8E0F91563884C00668004 /* Supporting Files */ = {
			isa = PBXGroup;
			children = (
				95A8E0FA1563884C00668004 /* helloWorldTests-Info.plist */,
				95A8E0FB1563884C00668004 /* InfoPlist.strings */,
			);
			name = "Supporting Files";
			sourceTree = "<group>";
		};
/* End PBXGroup section */

/* Begin PBXNativeTarget section */
		95A8E0CF1563884C00668004 /* helloWorld */ = {
			isa = PBXNativeTarget;
			buildConfigurationList = 95A8E1031563884C00668004 /* Build configuration list for PBXNativeTarget "helloWorld" */;
			buildPhases = (
				95A8E0CC1563884C00668004 /* Sources */,
				95A8E0CD1563884C00668004 /* Frameworks */,
				95A8E0CE1563884C00668004 /* Resources */,
			);
			buildRules = (
			);
			dependencies = (
			);
			name = helloWorld;
			productName = helloWorld;
			productReference = 95A8E0D01563884C00668004 /* helloWorld.app */;
			productType = "com.apple.product-type.application";
		};
		95A8E0F01563884C00668004 /* helloWorldTests */ = {
			isa = PBXNativeTarget;
			buildConfigurationList = 95A8E1061563884C00668004 /* Build configuration list for PBXNativeTarget "helloWorldTests" */;
			buildPhases = (
				95A8E0EC1563884C00668004 /* Sources */,
				95A8E0ED1563884C00668004 /* Frameworks */,
				95A8E0EE1563884C00668004 /* Resources */,
				95A8E0EF1563884C00668004 /* ShellScript */,
			);
			buildRules = (
			);
			dependencies = (
				95A8E0F71563884C00668004 /* PBXTargetDependency */,
			);
			name = helloWorldTests;
			productName = helloWorldTests;
			productReference = 95A8E0F11563884C00668004 /* helloWorldTests.octest */;
			productType = "com.apple.product-type.bundle";
		};
/* End PBXNativeTarget section */

/* Begin PBXProject section */
		95A8E0C71563884C00668004 /* Project object */ = {
			isa = PBXProject;
			attributes = {
				LastUpgradeCheck = 0430;
			};
			buildConfigurationList = 95A8E0CA1563884C00668004 /* Build configuration list for PBXProject "helloWorld" */;
			compatibilityVersion = "Xcode 3.2";
			developmentRegion = English;
			hasScannedForEncodings = 0;
			knownRegions = (
				en,
			);
			mainGroup = 95A8E0C51563884C00668004;
			productRefGroup = 95A8E0D11563884C00668004 /* Products */;
			projectDirPath = "";
			projectRoot = "";
			targets = (
				95A8E0CF1563884C00668004 /* helloWorld */,
				95A8E0F01563884C00668004 /* helloWorldTests */,
			);
		};
/* End PBXProject section */

/* Begin PBXResourcesBuildPhase section */
		95A8E0CE1563884C00668004 /* Resources */ = {
			isa = PBXResourcesBuildPhase;
			buildActionMask = 2147483647;
			files = (
				95A8E0DF1563884C00668004 /* InfoPlist.strings in Resources */,
				95A8E0EB1563884C00668004 /* ViewController.xib in Resources */,
			);
			runOnlyForDeploymentPostprocessing = 0;
		};
		95A8E0EE1563884C00668004 /* Resources */ = {
			isa = PBXResourcesBuildPhase;
			buildActionMask = 2147483647;
			files = (
				95A8E0FD1563884C00668004 /* InfoPlist.strings in Resources */,
			);
			runOnlyForDeploymentPostprocessing = 0;
		};
/* End PBXResourcesBuildPhase section */

/* Begin PBXShellScriptBuildPhase section */
		95A8E0EF1563884C00668004 /* ShellScript */ = {
			isa = PBXShellScriptBuildPhase;
			buildActionMask = 2147483647;
			files = (
			);
			inputPaths = (
			);
			outputPaths = (
			);
			runOnlyForDeploymentPostprocessing = 0;
			shellPath = /bin/sh;
			shellScript = "# Run the unit tests in this test bundle.\n\"${SYSTEM_DEVELOPER_DIR}/Tools/RunUnitTests\"\n";
		};
/* End PBXShellScriptBuildPhase section */

/* Begin PBXSourcesBuildPhase section */
		95A8E0CC1563884C00668004 /* Sources */ = {
			isa = PBXSourcesBuildPhase;
			buildActionMask = 2147483647;
			files = (
				95A8E0E11563884C00668004 /* main.m in Sources */,
				95A8E0E51563884C00668004 /* AppDelegate.m in Sources */,
				95A8E0E81563884C00668004 /* ViewController.m in Sources */,
			);
			runOnlyForDeploymentPostprocessing = 0;
		};
		95A8E0EC1563884C00668004 /* Sources */ = {
			isa = PBXSourcesBuildPhase;
			buildActionMask = 2147483647;
			files = (
				95A8E1001563884C00668004 /* helloWorldTests.m in Sources */,
			);
			runOnlyForDeploymentPostprocessing = 0;
		};
/* End PBXSourcesBuildPhase section */

/* Begin PBXTargetDependency section */
		95A8E0F71563884C00668004 /* PBXTargetDependency */ = {
			isa = PBXTargetDependency;
			target = 95A8E0CF1563884C00668004 /* helloWorld */;
			targetProxy = 95A8E0F61563884C00668004 /* PBXContainerItemProxy */;
		};
/* End PBXTargetDependency section */

/* Begin PBXVariantGroup section */
		95A8E0DD1563884C00668004 /* InfoPlist.strings */ = {
			isa = PBXVariantGroup;
			children = (
				95A8E0DE1563884C00668004 /* en */,
			);
			name = InfoPlist.strings;
			sourceTree = "<group>";
		};
		95A8E0E91563884C00668004 /* ViewController.xib */ = {
			isa = PBXVariantGroup;
			children = (
				95A8E0EA1563884C00668004 /* en */,
			);
			name = ViewController.xib;
			sourceTree = "<group>";
		};
		95A8E0FB1563884C00668004 /* InfoPlist.strings */ = {
			isa = PBXVariantGroup;
			children = (
				95A8E0FC1563884C00668004 /* en */,
			);
			name = InfoPlist.strings;
			sourceTree = "<group>";
		};
/* End PBXVariantGroup section */

/* Begin XCBuildConfiguration section */
		95A8E1011563884C00668004 /* Debug */ = {
			isa = XCBuildConfiguration;
			buildSettings = {
				ALWAYS_SEARCH_USER_PATHS = NO;
				ARCHS = "$(ARCHS_STANDARD_32_BIT)";
				CLANG_ENABLE_OBJC_ARC = YES;
				"CODE_SIGN_IDENTITY[sdk=iphoneos*]" = "iPhone Developer";
				COPY_PHASE_STRIP = NO;
				GCC_C_LANGUAGE_STANDARD = gnu99;
				GCC_DYNAMIC_NO_PIC = NO;
				GCC_OPTIMIZATION_LEVEL = 0;
				GCC_PREPROCESSOR_DEFINITIONS = (
					"DEBUG=1",
					"$(inherited)",
				);
				GCC_SYMBOLS_PRIVATE_EXTERN = NO;
				GCC_VERSION = com.apple.compilers.llvm.clang.1_0;
				GCC_WARN_ABOUT_RETURN_TYPE = YES;
				GCC_WARN_UNINITIALIZED_AUTOS = YES;
				GCC_WARN_UNUSED_VARIABLE = YES;
				IPHONEOS_DEPLOYMENT_TARGET = 5.1;
				SDKROOT = iphoneos;
			};
			name = Debug;
		};
		95A8E1021563884C00668004 /* Release */ = {
			isa = XCBuildConfiguration;
			buildSettings = {
				ALWAYS_SEARCH_USER_PATHS = NO;
				ARCHS = "$(ARCHS_STANDARD_32_BIT)";
				CLANG_ENABLE_OBJC_ARC = YES;
				"CODE_SIGN_IDENTITY[sdk=iphoneos*]" = "iPhone Developer";
				COPY_PHASE_STRIP = YES;
				GCC_C_LANGUAGE_STANDARD = gnu99;
				GCC_VERSION = com.apple.compilers.llvm.clang.1_0;
				GCC_WARN_ABOUT_RETURN_TYPE = YES;
				GCC_WARN_UNINITIALIZED_AUTOS = YES;
				GCC_WARN_UNUSED_VARIABLE = YES;
				IPHONEOS_DEPLOYMENT_TARGET = 5.1;
				OTHER_CFLAGS = "-DNS_BLOCK_ASSERTIONS=1";
				SDKROOT = iphoneos;
				VALIDATE_PRODUCT = YES;
			};
			name = Release;
		};
		95A8E1041563884C00668004 /* Debug */ = {
			isa = XCBuildConfiguration;
			buildSettings = {
				GCC_PRECOMPILE_PREFIX_HEADER = YES;
				GCC_PREFIX_HEADER = "helloWorld/helloWorld-Prefix.pch";
				INFOPLIST_FILE = "helloWorld/helloWorld-Info.plist";
				PRODUCT_NAME = "$(TARGET_NAME)";
				WRAPPER_EXTENSION = app;
			};
			name = Debug;
		};
		95A8E1051563884C00668004 /* Release */ = {
			isa = XCBuildConfiguration;
			buildSettings = {
				GCC_PRECOMPILE_PREFIX_HEADER = YES;
				GCC_PREFIX_HEADER = "helloWorld/helloWorld-Prefix.pch";
				INFOPLIST_FILE = "helloWorld/helloWorld-Info.plist";
				PRODUCT_NAME = "$(TARGET_NAME)";
				WRAPPER_EXTENSION = app;
			};
			name = Release;
		};
		95A8E1071563884C00668004 /* Debug */ = {
			isa = XCBuildConfiguration;
			buildSettings = {
				BUNDLE_LOADER = "$(BUILT_PRODUCTS_DIR)/helloWorld.app/helloWorld";
				FRAMEWORK_SEARCH_PATHS = (
					"$(SDKROOT)/Developer/Library/Frameworks",
					"$(DEVELOPER_LIBRARY_DIR)/Frameworks",
				);
				GCC_PRECOMPILE_PREFIX_HEADER = YES;
				GCC_PREFIX_HEADER = "helloWorld/helloWorld-Prefix.pch";
				INFOPLIST_FILE = "helloWorldTests/helloWorldTests-Info.plist";
				PRODUCT_NAME = "$(TARGET_NAME)";
				TEST_HOST = "$(BUNDLE_LOADER)";
				WRAPPER_EXTENSION = octest;
			};
			name = Debug;
		};
		95A8E1081563884C00668004 /* Release */ = {
			isa = XCBuildConfiguration;
			buildSettings = {
				BUNDLE_LOADER = "$(BUILT_PRODUCTS_DIR)/helloWorld.app/helloWorld";
				FRAMEWORK_SEARCH_PATHS = (
					"$(SDKROOT)/Developer/Library/Frameworks",
					"$(DEVELOPER_LIBRARY_DIR)/Frameworks",
				);
				GCC_PRECOMPILE_PREFIX_HEADER = YES;
				GCC_PREFIX_HEADER = "helloWorld/helloWorld-Prefix.pch";
				INFOPLIST_FILE = "helloWorldTests/helloWorldTests-Info.plist";
				PRODUCT_NAME = "$(TARGET_NAME)";
				TEST_HOST = "$(BUNDLE_LOADER)";
				WRAPPER_EXTENSION = octest;
			};
			name = Release;
		};
/* End XCBuildConfiguration section */

/* Begin XCConfigurationList section */
		95A8E0CA1563884C00668004 /* Build configuration list for PBXProject "helloWorld" */ = {
			isa = XCConfigurationList;
			buildConfigurations = (
				95A8E1011563884C00668004 /* Debug */,
				95A8E1021563884C00668004 /* Release */,
			);
			defaultConfigurationIsVisible = 0;
			defaultConfigurationName = Release;
		};
		95A8E1031563884C00668004 /* Build configuration list for PBXNativeTarget "helloWorld" */ = {
			isa = XCConfigurationList;
			buildConfigurations = (
				95A8E1041563884C00668004 /* Debug */,
				95A8E1051563884C00668004 /* Release */,
			);
			defaultConfigurationIsVisible = 0;
		};
		95A8E1061563884C00668004 /* Build configuration list for PBXNativeTarget "helloWorldTests" */ = {
			isa = XCConfigurationList;
			buildConfigurations = (
				95A8E1071563884C00668004 /* Debug */,
				95A8E1081563884C00668004 /* Release */,
			);
			defaultConfigurationIsVisible = 0;
		};
/* End XCConfigurationList section */
	};
	rootObject = 95A8E0C71563884C00668004 /* Project object */;
}
